PODS:
  - Alamofire (3.4.1)
  - Cent (5.0.2):
    - Dollar (~> 5.1.0)
  - Dollar (5.1.0)
  - LogKit (2.3.2)

DEPENDENCIES:
  - Alamofire (~> 3.4)
  - Cent
  - Dollar
  - LogKit (~> 2.3)

SPEC CHECKSUMS:
  Alamofire: 01a82e2f6c0f860ade35534c8dd88be61bdef40c
  Cent: b8ac30edd7851255320f2a100585fd61d5807503
  Dollar: d40032c85eced868f65b86aaede4ef7c093a1bb2
  LogKit: 6e675866adf0b0d6671d712b4e839fb5b21517d2

PODFILE CHECKSUM: 4e9870e6341588c323f9589bbc5fdf9330bf6ec8

COCOAPODS: 1.0.1
