// !$*UTF8*$!
{
	archiveVersion = 1;
	classes = {
	};
	objectVersion = 46;
	objects = {

/* Begin PBXBuildFile section */
		923902BF1D7B3E0700EB2442 /* AppDelegate.swift in Sources */ = {isa = PBXBuildFile; fileRef = 923902BE1D7B3E0700EB2442 /* AppDelegate.swift */; };
		923902C11D7B3E0700EB2442 /* ViewController.swift in Sources */ = {isa = PBXBuildFile; fileRef = 923902C01D7B3E0700EB2442 /* ViewController.swift */; };
		923902C41D7B3E0700EB2442 /* Main.storyboard in Resources */ = {isa = PBXBuildFile; fileRef = 923902C21D7B3E0700EB2442 /* Main.storyboard */; };
		923902C61D7B3E0700EB2442 /* Assets.xcassets in Resources */ = {isa = PBXBuildFile; fileRef = 923902C51D7B3E0700EB2442 /* Assets.xcassets */; };
		923902C91D7B3E0700EB2442 /* LaunchScreen.storyboard in Resources */ = {isa = PBXBuildFile; fileRef = 923902C71D7B3E0700EB2442 /* LaunchScreen.storyboard */; };
		923902D41D7B3E0700EB2442 /* LiftingAppTests.swift in Sources */ = {isa = PBXBuildFile; fileRef = 923902D31D7B3E0700EB2442 /* LiftingAppTests.swift */; };
		923902DF1D7B3E0700EB2442 /* LiftingAppUITests.swift in Sources */ = {isa = PBXBuildFile; fileRef = 923902DE1D7B3E0700EB2442 /* LiftingAppUITests.swift */; };
		923902EF1D7B434F00EB2442 /* RegimensViewController.swift in Sources */ = {isa = PBXBuildFile; fileRef = 923902EE1D7B434F00EB2442 /* RegimensViewController.swift */; };
		923902F11D7B441900EB2442 /* RegimensTableViewCell.swift in Sources */ = {isa = PBXBuildFile; fileRef = 923902F01D7B441900EB2442 /* RegimensTableViewCell.swift */; };
		923902F31D7B526900EB2442 /* CreateRegimenViewController.swift in Sources */ = {isa = PBXBuildFile; fileRef = 923902F21D7B526900EB2442 /* CreateRegimenViewController.swift */; };
/* End PBXBuildFile section */

/* Begin PBXContainerItemProxy section */
		923902D01D7B3E0700EB2442 /* PBXContainerItemProxy */ = {
			isa = PBXContainerItemProxy;
			containerPortal = 923902B31D7B3E0700EB2442 /* Project object */;
			proxyType = 1;
			remoteGlobalIDString = 923902BA1D7B3E0700EB2442;
			remoteInfo = LiftingApp;
		};
		923902DB1D7B3E0700EB2442 /* PBXContainerItemProxy */ = {
			isa = PBXContainerItemProxy;
			containerPortal = 923902B31D7B3E0700EB2442 /* Project object */;
			proxyType = 1;
			remoteGlobalIDString = 923902BA1D7B3E0700EB2442;
			remoteInfo = LiftingApp;
		};
/* End PBXContainerItemProxy section */

/* Begin PBXFileReference section */
		923902BB1D7B3E0700EB2442 /* LiftingApp.app */ = {isa = PBXFileReference; explicitFileType = wrapper.application; includeInIndex = 0; path = LiftingApp.app; sourceTree = BUILT_PRODUCTS_DIR; };
		923902BE1D7B3E0700EB2442 /* AppDelegate.swift */ = {isa = PBXFileReference; lastKnownFileType = sourcecode.swift; path = AppDelegate.swift; sourceTree = "<group>"; };
		923902C01D7B3E0700EB2442 /* ViewController.swift */ = {isa = PBXFileReference; lastKnownFileType = sourcecode.swift; path = ViewController.swift; sourceTree = "<group>"; };
		923902C31D7B3E0700EB2442 /* Base */ = {isa = PBXFileReference; lastKnownFileType = file.storyboard; name = Base; path = Base.lproj/Main.storyboard; sourceTree = "<group>"; };
		923902C51D7B3E0700EB2442 /* Assets.xcassets */ = {isa = PBXFileReference; lastKnownFileType = folder.assetcatalog; path = Assets.xcassets; sourceTree = "<group>"; };
		923902C81D7B3E0700EB2442 /* Base */ = {isa = PBXFileReference; lastKnownFileType = file.storyboard; name = Base; path = Base.lproj/LaunchScreen.storyboard; sourceTree = "<group>"; };
		923902CA1D7B3E0700EB2442 /* Info.plist */ = {isa = PBXFileReference; lastKnownFileType = text.plist.xml; path = Info.plist; sourceTree = "<group>"; };
		923902CF1D7B3E0700EB2442 /* LiftingAppTests.xctest */ = {isa = PBXFileReference; explicitFileType = wrapper.cfbundle; includeInIndex = 0; path = LiftingAppTests.xctest; sourceTree = BUILT_PRODUCTS_DIR; };
		923902D31D7B3E0700EB2442 /* LiftingAppTests.swift */ = {isa = PBXFileReference; lastKnownFileType = sourcecode.swift; path = LiftingAppTests.swift; sourceTree = "<group>"; };
		923902D51D7B3E0700EB2442 /* Info.plist */ = {isa = PBXFileReference; lastKnownFileType = text.plist.xml; path = Info.plist; sourceTree = "<group>"; };
		923902DA1D7B3E0700EB2442 /* LiftingAppUITests.xctest */ = {isa = PBXFileReference; explicitFileType = wrapper.cfbundle; includeInIndex = 0; path = LiftingAppUITests.xctest; sourceTree = BUILT_PRODUCTS_DIR; };
		923902DE1D7B3E0700EB2442 /* LiftingAppUITests.swift */ = {isa = PBXFileReference; lastKnownFileType = sourcecode.swift; path = LiftingAppUITests.swift; sourceTree = "<group>"; };
		923902E01D7B3E0700EB2442 /* Info.plist */ = {isa = PBXFileReference; lastKnownFileType = text.plist.xml; path = Info.plist; sourceTree = "<group>"; };
		923902EE1D7B434F00EB2442 /* RegimensViewController.swift */ = {isa = PBXFileReference; fileEncoding = 4; lastKnownFileType = sourcecode.swift; path = RegimensViewController.swift; sourceTree = "<group>"; };
		923902F01D7B441900EB2442 /* RegimensTableViewCell.swift */ = {isa = PBXFileReference; fileEncoding = 4; lastKnownFileType = sourcecode.swift; path = RegimensTableViewCell.swift; sourceTree = "<group>"; };
		923902F21D7B526900EB2442 /* CreateRegimenViewController.swift */ = {isa = PBXFileReference; fileEncoding = 4; lastKnownFileType = sourcecode.swift; path = CreateRegimenViewController.swift; sourceTree = "<group>"; };
/* End PBXFileReference section */

/* Begin PBXFrameworksBuildPhase section */
		923902B81D7B3E0700EB2442 /* Frameworks */ = {
			isa = PBXFrameworksBuildPhase;
			buildActionMask = 2147483647;
			files = (
			);
			runOnlyForDeploymentPostprocessing = 0;
		};
		923902CC1D7B3E0700EB2442 /* Frameworks */ = {
			isa = PBXFrameworksBuildPhase;
			buildActionMask = 2147483647;
			files = (
			);
			runOnlyForDeploymentPostprocessing = 0;
		};
		923902D71D7B3E0700EB2442 /* Frameworks */ = {
			isa = PBXFrameworksBuildPhase;
			buildActionMask = 2147483647;
			files = (
			);
			runOnlyForDeploymentPostprocessing = 0;
		};
/* End PBXFrameworksBuildPhase section */

/* Begin PBXGroup section */
		923902B21D7B3E0700EB2442 = {
			isa = PBXGroup;
			children = (
				923902BD1D7B3E0700EB2442 /* LiftingApp */,
				923902D21D7B3E0700EB2442 /* LiftingAppTests */,
				923902DD1D7B3E0700EB2442 /* LiftingAppUITests */,
				923902BC1D7B3E0700EB2442 /* Products */,
			);
			sourceTree = "<group>";
		};
		923902BC1D7B3E0700EB2442 /* Products */ = {
			isa = PBXGroup;
			children = (
				923902BB1D7B3E0700EB2442 /* LiftingApp.app */,
				923902CF1D7B3E0700EB2442 /* LiftingAppTests.xctest */,
				923902DA1D7B3E0700EB2442 /* LiftingAppUITests.xctest */,
			);
			name = Products;
			sourceTree = "<group>";
		};
		923902BD1D7B3E0700EB2442 /* LiftingApp */ = {
			isa = PBXGroup;
			children = (
				923902ED1D7B431300EB2442 /* Regimens */,
				923902EC1D7B3F6F00EB2442 /* Models */,
				923902BE1D7B3E0700EB2442 /* AppDelegate.swift */,
				923902C01D7B3E0700EB2442 /* ViewController.swift */,
				923902C21D7B3E0700EB2442 /* Main.storyboard */,
				923902C51D7B3E0700EB2442 /* Assets.xcassets */,
				923902C71D7B3E0700EB2442 /* LaunchScreen.storyboard */,
				923902CA1D7B3E0700EB2442 /* Info.plist */,
			);
			path = LiftingApp;
			sourceTree = "<group>";
		};
		923902D21D7B3E0700EB2442 /* LiftingAppTests */ = {
			isa = PBXGroup;
			children = (
				923902D31D7B3E0700EB2442 /* LiftingAppTests.swift */,
				923902D51D7B3E0700EB2442 /* Info.plist */,
			);
			path = LiftingAppTests;
			sourceTree = "<group>";
		};
		923902DD1D7B3E0700EB2442 /* LiftingAppUITests */ = {
			isa = PBXGroup;
			children = (
				923902DE1D7B3E0700EB2442 /* LiftingAppUITests.swift */,
				923902E01D7B3E0700EB2442 /* Info.plist */,
			);
			path = LiftingAppUITests;
			sourceTree = "<group>";
		};
		923902EC1D7B3F6F00EB2442 /* Models */ = {
			isa = PBXGroup;
			children = (
			);
			name = Models;
			sourceTree = "<group>";
		};
		923902ED1D7B431300EB2442 /* Regimens */ = {
			isa = PBXGroup;
			children = (
				923902EE1D7B434F00EB2442 /* RegimensViewController.swift */,
				923902F01D7B441900EB2442 /* RegimensTableViewCell.swift */,
				923902F21D7B526900EB2442 /* CreateRegimenViewController.swift */,
			);
			name = Regimens;
			sourceTree = "<group>";
		};
/* End PBXGroup section */

/* Begin PBXNativeTarget section */
		923902BA1D7B3E0700EB2442 /* LiftingApp */ = {
			isa = PBXNativeTarget;
			buildConfigurationList = 923902E31D7B3E0700EB2442 /* Build configuration list for PBXNativeTarget "LiftingApp" */;
			buildPhases = (
				923902B71D7B3E0700EB2442 /* Sources */,
				923902B81D7B3E0700EB2442 /* Frameworks */,
				923902B91D7B3E0700EB2442 /* Resources */,
			);
			buildRules = (
			);
			dependencies = (
			);
			name = LiftingApp;
			productName = LiftingApp;
			productReference = 923902BB1D7B3E0700EB2442 /* LiftingApp.app */;
			productType = "com.apple.product-type.application";
		};
		923902CE1D7B3E0700EB2442 /* LiftingAppTests */ = {
			isa = PBXNativeTarget;
			buildConfigurationList = 923902E61D7B3E0700EB2442 /* Build configuration list for PBXNativeTarget "LiftingAppTests" */;
			buildPhases = (
				923902CB1D7B3E0700EB2442 /* Sources */,
				923902CC1D7B3E0700EB2442 /* Frameworks */,
				923902CD1D7B3E0700EB2442 /* Resources */,
			);
			buildRules = (
			);
			dependencies = (
				923902D11D7B3E0700EB2442 /* PBXTargetDependency */,
			);
			name = LiftingAppTests;
			productName = LiftingAppTests;
			productReference = 923902CF1D7B3E0700EB2442 /* LiftingAppTests.xctest */;
			productType = "com.apple.product-type.bundle.unit-test";
		};
		923902D91D7B3E0700EB2442 /* LiftingAppUITests */ = {
			isa = PBXNativeTarget;
			buildConfigurationList = 923902E91D7B3E0700EB2442 /* Build configuration list for PBXNativeTarget "LiftingAppUITests" */;
			buildPhases = (
				923902D61D7B3E0700EB2442 /* Sources */,
				923902D71D7B3E0700EB2442 /* Frameworks */,
				923902D81D7B3E0700EB2442 /* Resources */,
			);
			buildRules = (
			);
			dependencies = (
				923902DC1D7B3E0700EB2442 /* PBXTargetDependency */,
			);
			name = LiftingAppUITests;
			productName = LiftingAppUITests;
			productReference = 923902DA1D7B3E0700EB2442 /* LiftingAppUITests.xctest */;
			productType = "com.apple.product-type.bundle.ui-testing";
		};
/* End PBXNativeTarget section */

/* Begin PBXProject section */
		923902B31D7B3E0700EB2442 /* Project object */ = {
			isa = PBXProject;
			attributes = {
				LastSwiftUpdateCheck = 0730;
				LastUpgradeCheck = 0730;
				ORGANIZATIONNAME = "Z&D";
				TargetAttributes = {
					923902BA1D7B3E0700EB2442 = {
						CreatedOnToolsVersion = 7.3.1;
					};
					923902CE1D7B3E0700EB2442 = {
						CreatedOnToolsVersion = 7.3.1;
						TestTargetID = 923902BA1D7B3E0700EB2442;
					};
					923902D91D7B3E0700EB2442 = {
						CreatedOnToolsVersion = 7.3.1;
						TestTargetID = 923902BA1D7B3E0700EB2442;
					};
				};
			};
			buildConfigurationList = 923902B61D7B3E0700EB2442 /* Build configuration list for PBXProject "LiftingApp" */;
			compatibilityVersion = "Xcode 3.2";
			developmentRegion = English;
			hasScannedForEncodings = 0;
			knownRegions = (
				en,
				Base,
			);
			mainGroup = 923902B21D7B3E0700EB2442;
			productRefGroup = 923902BC1D7B3E0700EB2442 /* Products */;
			projectDirPath = "";
			projectRoot = "";
			targets = (
				923902BA1D7B3E0700EB2442 /* LiftingApp */,
				923902CE1D7B3E0700EB2442 /* LiftingAppTests */,
				923902D91D7B3E0700EB2442 /* LiftingAppUITests */,
			);
		};
/* End PBXProject section */

/* Begin PBXResourcesBuildPhase section */
		923902B91D7B3E0700EB2442 /* Resources */ = {
			isa = PBXResourcesBuildPhase;
			buildActionMask = 2147483647;
			files = (
				923902C91D7B3E0700EB2442 /* LaunchScreen.storyboard in Resources */,
				923902C61D7B3E0700EB2442 /* Assets.xcassets in Resources */,
				923902C41D7B3E0700EB2442 /* Main.storyboard in Resources */,
			);
			runOnlyForDeploymentPostprocessing = 0;
		};
		923902CD1D7B3E0700EB2442 /* Resources */ = {
			isa = PBXResourcesBuildPhase;
			buildActionMask = 2147483647;
			files = (
			);
			runOnlyForDeploymentPostprocessing = 0;
		};
		923902D81D7B3E0700EB2442 /* Resources */ = {
			isa = PBXResourcesBuildPhase;
			buildActionMask = 2147483647;
			files = (
			);
			runOnlyForDeploymentPostprocessing = 0;
		};
/* End PBXResourcesBuildPhase section */

/* Begin PBXSourcesBuildPhase section */
		923902B71D7B3E0700EB2442 /* Sources */ = {
			isa = PBXSourcesBuildPhase;
			buildActionMask = 2147483647;
			files = (
				923902EF1D7B434F00EB2442 /* RegimensViewController.swift in Sources */,
				923902C11D7B3E0700EB2442 /* ViewController.swift in Sources */,
				923902F31D7B526900EB2442 /* CreateRegimenViewController.swift in Sources */,
				923902BF1D7B3E0700EB2442 /* AppDelegate.swift in Sources */,
				923902F11D7B441900EB2442 /* RegimensTableViewCell.swift in Sources */,
			);
			runOnlyForDeploymentPostprocessing = 0;
		};
		923902CB1D7B3E0700EB2442 /* Sources */ = {
			isa = PBXSourcesBuildPhase;
			buildActionMask = 2147483647;
			files = (
				923902D41D7B3E0700EB2442 /* LiftingAppTests.swift in Sources */,
			);
			runOnlyForDeploymentPostprocessing = 0;
		};
		923902D61D7B3E0700EB2442 /* Sources */ = {
			isa = PBXSourcesBuildPhase;
			buildActionMask = 2147483647;
			files = (
				923902DF1D7B3E0700EB2442 /* LiftingAppUITests.swift in Sources */,
			);
			runOnlyForDeploymentPostprocessing = 0;
		};
/* End PBXSourcesBuildPhase section */

/* Begin PBXTargetDependency section */
		923902D11D7B3E0700EB2442 /* PBXTargetDependency */ = {
			isa = PBXTargetDependency;
			target = 923902BA1D7B3E0700EB2442 /* LiftingApp */;
			targetProxy = 923902D01D7B3E0700EB2442 /* PBXContainerItemProxy */;
		};
		923902DC1D7B3E0700EB2442 /* PBXTargetDependency */ = {
			isa = PBXTargetDependency;
			target = 923902BA1D7B3E0700EB2442 /* LiftingApp */;
			targetProxy = 923902DB1D7B3E0700EB2442 /* PBXContainerItemProxy */;
		};
/* End PBXTargetDependency section */

/* Begin PBXVariantGroup section */
		923902C21D7B3E0700EB2442 /* Main.storyboard */ = {
			isa = PBXVariantGroup;
			children = (
				923902C31D7B3E0700EB2442 /* Base */,
			);
			name = Main.storyboard;
			sourceTree = "<group>";
		};
		923902C71D7B3E0700EB2442 /* LaunchScreen.storyboard */ = {
			isa = PBXVariantGroup;
			children = (
				923902C81D7B3E0700EB2442 /* Base */,
			);
			name = LaunchScreen.storyboard;
			sourceTree = "<group>";
		};
/* End PBXVariantGroup section */

/* Begin XCBuildConfiguration section */
		923902E11D7B3E0700EB2442 /* Debug */ = {
			isa = XCBuildConfiguration;
			buildSettings = {
				ALWAYS_SEARCH_USER_PATHS = NO;
				CLANG_ANALYZER_NONNULL = YES;
				CLANG_CXX_LANGUAGE_STANDARD = "gnu++0x";
				CLANG_CXX_LIBRARY = "libc++";
				CLANG_ENABLE_MODULES = YES;
				CLANG_ENABLE_OBJC_ARC = YES;
				CLANG_WARN_BOOL_CONVERSION = YES;
				CLANG_WARN_CONSTANT_CONVERSION = YES;
				CLANG_WARN_DIRECT_OBJC_ISA_USAGE = YES_ERROR;
				CLANG_WARN_EMPTY_BODY = YES;
				CLANG_WARN_ENUM_CONVERSION = YES;
				CLANG_WARN_INT_CONVERSION = YES;
				CLANG_WARN_OBJC_ROOT_CLASS = YES_ERROR;
				CLANG_WARN_UNREACHABLE_CODE = YES;
				CLANG_WARN__DUPLICATE_METHOD_MATCH = YES;
				"CODE_SIGN_IDENTITY[sdk=iphoneos*]" = "iPhone Developer";
				COPY_PHASE_STRIP = NO;
				DEBUG_INFORMATION_FORMAT = dwarf;
				ENABLE_STRICT_OBJC_MSGSEND = YES;
				ENABLE_TESTABILITY = YES;
				GCC_C_LANGUAGE_STANDARD = gnu99;
				GCC_DYNAMIC_NO_PIC = NO;
				GCC_NO_COMMON_BLOCKS = YES;
				GCC_OPTIMIZATION_LEVEL = 0;
				GCC_PREPROCESSOR_DEFINITIONS = (
					"DEBUG=1",
					"$(inherited)",
				);
				GCC_WARN_64_TO_32_BIT_CONVERSION = YES;
				GCC_WARN_ABOUT_RETURN_TYPE = YES_ERROR;
				GCC_WARN_UNDECLARED_SELECTOR = YES;
				GCC_WARN_UNINITIALIZED_AUTOS = YES_AGGRESSIVE;
				GCC_WARN_UNUSED_FUNCTION = YES;
				GCC_WARN_UNUSED_VARIABLE = YES;
				IPHONEOS_DEPLOYMENT_TARGET = 9.3;
				MTL_ENABLE_DEBUG_INFO = YES;
				ONLY_ACTIVE_ARCH = YES;
				SDKROOT = iphoneos;
				SWIFT_OPTIMIZATION_LEVEL = "-Onone";
				TARGETED_DEVICE_FAMILY = "1,2";
			};
			name = Debug;
		};
		923902E21D7B3E0700EB2442 /* Release */ = {
			isa = XCBuildConfiguration;
			buildSettings = {
				ALWAYS_SEARCH_USER_PATHS = NO;
				CLANG_ANALYZER_NONNULL = YES;
				CLANG_CXX_LANGUAGE_STANDARD = "gnu++0x";
				CLANG_CXX_LIBRARY = "libc++";
				CLANG_ENABLE_MODULES = YES;
				CLANG_ENABLE_OBJC_ARC = YES;
				CLANG_WARN_BOOL_CONVERSION = YES;
				CLANG_WARN_CONSTANT_CONVERSION = YES;
				CLANG_WARN_DIRECT_OBJC_ISA_USAGE = YES_ERROR;
				CLANG_WARN_EMPTY_BODY = YES;
				CLANG_WARN_ENUM_CONVERSION = YES;
				CLANG_WARN_INT_CONVERSION = YES;
				CLANG_WARN_OBJC_ROOT_CLASS = YES_ERROR;
				CLANG_WARN_UNREACHABLE_CODE = YES;
				CLANG_WARN__DUPLICATE_METHOD_MATCH = YES;
				"CODE_SIGN_IDENTITY[sdk=iphoneos*]" = "iPhone Developer";
				COPY_PHASE_STRIP = NO;
				DEBUG_INFORMATION_FORMAT = "dwarf-with-dsym";
				ENABLE_NS_ASSERTIONS = NO;
				ENABLE_STRICT_OBJC_MSGSEND = YES;
				GCC_C_LANGUAGE_STANDARD = gnu99;
				GCC_NO_COMMON_BLOCKS = YES;
				GCC_WARN_64_TO_32_BIT_CONVERSION = YES;
				GCC_WARN_ABOUT_RETURN_TYPE = YES_ERROR;
				GCC_WARN_UNDECLARED_SELECTOR = YES;
				GCC_WARN_UNINITIALIZED_AUTOS = YES_AGGRESSIVE;
				GCC_WARN_UNUSED_FUNCTION = YES;
				GCC_WARN_UNUSED_VARIABLE = YES;
				IPHONEOS_DEPLOYMENT_TARGET = 9.3;
				MTL_ENABLE_DEBUG_INFO = NO;
				SDKROOT = iphoneos;
				TARGETED_DEVICE_FAMILY = "1,2";
				VALIDATE_PRODUCT = YES;
			};
			name = Release;
		};
		923902E41D7B3E0700EB2442 /* Debug */ = {
			isa = XCBuildConfiguration;
			buildSettings = {
				ASSETCATALOG_COMPILER_APPICON_NAME = AppIcon;
				INFOPLIST_FILE = LiftingApp/Info.plist;
				LD_RUNPATH_SEARCH_PATHS = "$(inherited) @executable_path/Frameworks";
				PRODUCT_BUNDLE_IDENTIFIER = com.example.LiftingApp;
				PRODUCT_NAME = "$(TARGET_NAME)";
			};
			name = Debug;
		};
		923902E51D7B3E0700EB2442 /* Release */ = {
			isa = XCBuildConfiguration;
			buildSettings = {
				ASSETCATALOG_COMPILER_APPICON_NAME = AppIcon;
				INFOPLIST_FILE = LiftingApp/Info.plist;
				LD_RUNPATH_SEARCH_PATHS = "$(inherited) @executable_path/Frameworks";
				PRODUCT_BUNDLE_IDENTIFIER = com.example.LiftingApp;
				PRODUCT_NAME = "$(TARGET_NAME)";
			};
			name = Release;
		};
		923902E71D7B3E0700EB2442 /* Debug */ = {
			isa = XCBuildConfiguration;
			buildSettings = {
				BUNDLE_LOADER = "$(TEST_HOST)";
				INFOPLIST_FILE = LiftingAppTests/Info.plist;
				LD_RUNPATH_SEARCH_PATHS = "$(inherited) @executable_path/Frameworks @loader_path/Frameworks";
				PRODUCT_BUNDLE_IDENTIFIER = com.example.LiftingAppTests;
				PRODUCT_NAME = "$(TARGET_NAME)";
				TEST_HOST = "$(BUILT_PRODUCTS_DIR)/LiftingApp.app/LiftingApp";
			};
			name = Debug;
		};
		923902E81D7B3E0700EB2442 /* Release */ = {
			isa = XCBuildConfiguration;
			buildSettings = {
				BUNDLE_LOADER = "$(TEST_HOST)";
				INFOPLIST_FILE = LiftingAppTests/Info.plist;
				LD_RUNPATH_SEARCH_PATHS = "$(inherited) @executable_path/Frameworks @loader_path/Frameworks";
				PRODUCT_BUNDLE_IDENTIFIER = com.example.LiftingAppTests;
				PRODUCT_NAME = "$(TARGET_NAME)";
				TEST_HOST = "$(BUILT_PRODUCTS_DIR)/LiftingApp.app/LiftingApp";
			};
			name = Release;
		};
		923902EA1D7B3E0700EB2442 /* Debug */ = {
			isa = XCBuildConfiguration;
			buildSettings = {
				INFOPLIST_FILE = LiftingAppUITests/Info.plist;
				LD_RUNPATH_SEARCH_PATHS = "$(inherited) @executable_path/Frameworks @loader_path/Frameworks";
				PRODUCT_BUNDLE_IDENTIFIER = com.example.LiftingAppUITests;
				PRODUCT_NAME = "$(TARGET_NAME)";
				TEST_TARGET_NAME = LiftingApp;
			};
			name = Debug;
		};
		923902EB1D7B3E0700EB2442 /* Release */ = {
			isa = XCBuildConfiguration;
			buildSettings = {
				INFOPLIST_FILE = LiftingAppUITests/Info.plist;
				LD_RUNPATH_SEARCH_PATHS = "$(inherited) @executable_path/Frameworks @loader_path/Frameworks";
				PRODUCT_BUNDLE_IDENTIFIER = com.example.LiftingAppUITests;
				PRODUCT_NAME = "$(TARGET_NAME)";
				TEST_TARGET_NAME = LiftingApp;
			};
			name = Release;
		};
/* End XCBuildConfiguration section */

/* Begin XCConfigurationList section */
		923902B61D7B3E0700EB2442 /* Build configuration list for PBXProject "LiftingApp" */ = {
			isa = XCConfigurationList;
			buildConfigurations = (
				923902E11D7B3E0700EB2442 /* Debug */,
				923902E21D7B3E0700EB2442 /* Release */,
			);
			defaultConfigurationIsVisible = 0;
			defaultConfigurationName = Release;
		};
		923902E31D7B3E0700EB2442 /* Build configuration list for PBXNativeTarget "LiftingApp" */ = {
			isa = XCConfigurationList;
			buildConfigurations = (
				923902E41D7B3E0700EB2442 /* Debug */,
				923902E51D7B3E0700EB2442 /* Release */,
			);
			defaultConfigurationIsVisible = 0;
			defaultConfigurationName = Release;
		};
		923902E61D7B3E0700EB2442 /* Build configuration list for PBXNativeTarget "LiftingAppTests" */ = {
			isa = XCConfigurationList;
			buildConfigurations = (
				923902E71D7B3E0700EB2442 /* Debug */,
				923902E81D7B3E0700EB2442 /* Release */,
			);
			defaultConfigurationIsVisible = 0;
			defaultConfigurationName = Release;
		};
		923902E91D7B3E0700EB2442 /* Build configuration list for PBXNativeTarget "LiftingAppUITests" */ = {
			isa = XCConfigurationList;
			buildConfigurations = (
				923902EA1D7B3E0700EB2442 /* Debug */,
				923902EB1D7B3E0700EB2442 /* Release */,
			);
			defaultConfigurationIsVisible = 0;
			defaultConfigurationName = Release;
		};
/* End XCConfigurationList section */
	};
	rootObject = 923902B31D7B3E0700EB2442 /* Project object */;
}
